
Microsoft Visual Studio Solution File, Format Version 12.00
# Visual Studio 15
VisualStudioVersion = 15.0.27428.2005
MinimumVisualStudioVersion = 10.0.40219.1
Project("{9A19103F-16F7-4668-BE54-9A1E7A4F7556}") = "GP", "GP\GP.csproj", "{2C82FA86-0833-4F45-B3A8-1EB80E3B47F6}"
EndProject
Project("{9A19103F-16F7-4668-BE54-9A1E7A4F7556}") = "GP.Tests", "GP.Tests\GP.Tests.csproj", "{0C605416-E627-4565-B403-568ABE86BE91}"
EndProject
Project("{2150E333-8FDC-42A3-9474-1A3956D46DE8}") = "GP.Tests", "GP.Tests", "{745175E9-5355-4C31-B4D5-7C9B775602B1}"
EndProject
Project("{9A19103F-16F7-4668-BE54-9A1E7A4F7556}") = "GP.Example", "GP.Example\GP.Example.csproj", "{B20A6AFF-80F7-4919-B2E7-EB92D1E6EB8C}"
EndProject
Project("{2150E333-8FDC-42A3-9474-1A3956D46DE8}") = "GP.Example", "GP.Example", "{5091E009-8769-40C8-A000-9D6489B1760B}"
EndProject
Global
	GlobalSection(SolutionConfigurationPlatforms) = preSolution
		Debug|Any CPU = Debug|Any CPU
		Release|Any CPU = Release|Any CPU
	EndGlobalSection
	GlobalSection(ProjectConfigurationPlatforms) = postSolution
		{2C82FA86-0833-4F45-B3A8-1EB80E3B47F6}.Debug|Any CPU.ActiveCfg = Debug|Any CPU
		{2C82FA86-0833-4F45-B3A8-1EB80E3B47F6}.Debug|Any CPU.Build.0 = Debug|Any CPU
		{2C82FA86-0833-4F45-B3A8-1EB80E3B47F6}.Release|Any CPU.ActiveCfg = Release|Any CPU
		{2C82FA86-0833-4F45-B3A8-1EB80E3B47F6}.Release|Any CPU.Build.0 = Release|Any CPU
		{0C605416-E627-4565-B403-568ABE86BE91}.Debug|Any CPU.ActiveCfg = Debug|Any CPU
		{0C605416-E627-4565-B403-568ABE86BE91}.Debug|Any CPU.Build.0 = Debug|Any CPU
		{0C605416-E627-4565-B403-568ABE86BE91}.Release|Any CPU.ActiveCfg = Release|Any CPU
		{0C605416-E627-4565-B403-568ABE86BE91}.Release|Any CPU.Build.0 = Release|Any CPU
		{B20A6AFF-80F7-4919-B2E7-EB92D1E6EB8C}.Debug|Any CPU.ActiveCfg = Debug|Any CPU
		{B20A6AFF-80F7-4919-B2E7-EB92D1E6EB8C}.Debug|Any CPU.Build.0 = Debug|Any CPU
		{B20A6AFF-80F7-4919-B2E7-EB92D1E6EB8C}.Release|Any CPU.ActiveCfg = Release|Any CPU
		{B20A6AFF-80F7-4919-B2E7-EB92D1E6EB8C}.Release|Any CPU.Build.0 = Release|Any CPU
	EndGlobalSection
	GlobalSection(SolutionProperties) = preSolution
		HideSolutionNode = FALSE
	EndGlobalSection
	GlobalSection(NestedProjects) = preSolution
		{0C605416-E627-4565-B403-568ABE86BE91} = {745175E9-5355-4C31-B4D5-7C9B775602B1}
		{B20A6AFF-80F7-4919-B2E7-EB92D1E6EB8C} = {5091E009-8769-40C8-A000-9D6489B1760B}
	EndGlobalSection
	GlobalSection(ExtensibilityGlobals) = postSolution
		SolutionGuid = {A4E7263D-D7CA-485C-B00D-8860195A5057}
	EndGlobalSection
EndGlobal
